<?xml version="1.0" encoding="utf-8"?>
<Project ToolsVersion="4.0" xmlns="http://schemas.microsoft.com/developer/msbuild/2003">
  <ItemGroup>
    <Filter Include="Source Files">
      <UniqueIdentifier>{4FC737F1-C7A5-4376-A066-2A32D752A2FF}</UniqueIdentifier>
      <Extensions>cpp;c;cc;cxx;c++;cppm;ixx;def;odl;idl;hpj;bat;asm;asmx</Extensions>
    </Filter>
    <Filter Include="Header Files">
      <UniqueIdentifier>{93995380-89BD-4b04-88EB-625FBE52EBFB}</UniqueIdentifier>
      <Extensions>h;hh;hpp;hxx;h++;hm;inl;inc;ipp;xsd</Extensions>
    </Filter>
    <Filter Include="Resource Files">
      <UniqueIdentifier>{67DA6AB6-F800-4c08-8B7A-83BB121AAD01}</UniqueIdentifier>
      <Extensions>rc;ico;cur;bmp;dlg;rc2;rct;bin;rgs;gif;jpg;jpeg;jpe;resx;tiff;tif;png;wav;mfcribbon-ms</Extensions>
    </Filter>
  </ItemGroup>
  <ItemGroup>
    <ClInclude Include="src\Utils\Fasta.hpp">
      <Filter>Header Files</Filter>
    </ClInclude>
    <ClInclude Include="src\Utils\Pseudo.hpp">
      <Filter>Header Files</Filter>
    </ClInclude>
    <ClInclude Include="src\Utils\Utils.hpp">
      <Filter>Header Files</Filter>
    </ClInclude>
    <ClInclude Include="src\StarAlignment\StarAligner.hpp">
      <Filter>Header Files</Filter>
    </ClInclude>
    <ClInclude Include="src\PairwiseAlignment\NeedlemanWunshReusable.hpp">
      <Filter>Header Files</Filter>
    </ClInclude>
    <ClInclude Include="src\Utils\Insertion.hpp">
      <Filter>Header Files</Filter>
    </ClInclude>
    <ClInclude Include="src\Utils\Arguments.hpp">
      <Filter>Header Files</Filter>
    </ClInclude>
    <ClInclude Include="src\multiz\align_util.h">
      <Filter>Header Files</Filter>
    </ClInclude>
    <ClInclude Include="src\multiz\charvec.h">
      <Filter>Header Files</Filter>
    </ClInclude>
    <ClInclude Include="src\multiz\maf.h">
      <Filter>Header Files</Filter>
    </ClInclude>
    <ClInclude Include="src\multiz\multi_util.h">
      <Filter>Header Files</Filter>
    </ClInclude>
    <ClInclude Include="src\multiz\mz_preyama.h">
      <Filter>Header Files</Filter>
    </ClInclude>
    <ClInclude Include="src\multiz\mz_scores.h">
      <Filter>Header Files</Filter>
    </ClInclude>
    <ClInclude Include="src\multiz\mz_yama.h">
      <Filter>Header Files</Filter>
    </ClInclude>
    <ClInclude Include="src\multiz\nib.h">
      <Filter>Header Files</Filter>
    </ClInclude>
    <ClInclude Include="src\multiz\seq.h">
      <Filter>Header Files</Filter>
    </ClInclude>
    <ClInclude Include="src\multiz\speciesTree.h">
      <Filter>Header Files</Filter>
    </ClInclude>
    <ClInclude Include="src\multiz\util.h">
      <Filter>Header Files</Filter>
    </ClInclude>
    <ClInclude Include="src\Utils\sequence.h">
      <Filter>Header Files</Filter>
    </ClInclude>
    <ClInclude Include="src\Utils\bloom_filter.hpp">
      <Filter>Header Files</Filter>
    </ClInclude>
    <ClInclude Include="src\Utils\MurmurHash3.h">
      <Filter>Header Files</Filter>
    </ClInclude>
    <ClInclude Include="src\SuffixArray\divsufsort.h">
      <Filter>Header Files</Filter>
    </ClInclude>
    <ClInclude Include="src\SuffixArray\parallel_import.h">
      <Filter>Header Files</Filter>
    </ClInclude>
    <ClInclude Include="src\SuffixArray\SuffixArray.hpp">
      <Filter>Header Files</Filter>
    </ClInclude>
    <ClInclude Include="src\multi-thread\multi.hpp">
      <Filter>Header Files</Filter>
    </ClInclude>
    <ClInclude Include="src\Utils\CommandLine.hpp">
      <Filter>Header Files</Filter>
    </ClInclude>
  </ItemGroup>
  <ItemGroup>
    <ClCompile Include="src\Utils\Fasta.cpp">
      <Filter>Source Files</Filter>
    </ClCompile>
    <ClCompile Include="src\Utils\Utils.cpp">
      <Filter>Source Files</Filter>
    </ClCompile>
    <ClCompile Include="src\StarAlignment\StarAligner.cpp">
      <Filter>Source Files</Filter>
    </ClCompile>
    <ClCompile Include="src\Utils\Insertion.cpp">
      <Filter>Source Files</Filter>
    </ClCompile>
    <ClCompile Include="src\Utils\Arguments.cpp">
      <Filter>Source Files</Filter>
    </ClCompile>
    <ClCompile Include="src\multiz\align_util.c">
      <Filter>Source Files</Filter>
    </ClCompile>
    <ClCompile Include="src\multiz\charvec.c">
      <Filter>Source Files</Filter>
    </ClCompile>
    <ClCompile Include="src\multiz\maf.c">
      <Filter>Source Files</Filter>
    </ClCompile>
    <ClCompile Include="src\multiz\multi_util.c">
      <Filter>Source Files</Filter>
    </ClCompile>
    <ClCompile Include="src\multiz\multiz.h">
      <Filter>Source Files</Filter>
    </ClCompile>
    <ClCompile Include="src\multiz\mz_preyama.c">
      <Filter>Source Files</Filter>
    </ClCompile>
    <ClCompile Include="src\multiz\mz_scores.c">
      <Filter>Source Files</Filter>
    </ClCompile>
    <ClCompile Include="src\multiz\mz_yama.c">
      <Filter>Source Files</Filter>
    </ClCompile>
    <ClCompile Include="src\multiz\nib.c">
      <Filter>Source Files</Filter>
    </ClCompile>
    <ClCompile Include="src\multiz\seq.c">
      <Filter>Source Files</Filter>
    </ClCompile>
    <ClCompile Include="src\multiz\speciesTree.c">
      <Filter>Source Files</Filter>
    </ClCompile>
    <ClCompile Include="src\multiz\util.c">
      <Filter>Source Files</Filter>
    </ClCompile>
    <ClCompile Include="src\multiz\multiz.c">
      <Filter>Source Files</Filter>
    </ClCompile>
    <ClCompile Include="src\SuffixArray\parallel_import.cpp">
      <Filter>Source Files</Filter>
    </ClCompile>
    <ClCompile Include="src\multi-thread\multi.cpp">
      <Filter>Source Files</Filter>
    </ClCompile>
    <ClCompile Include="src\PairwiseAlignment\NeedlemanWunshReusable.cpp">
      <Filter>Source Files</Filter>
    </ClCompile>
    <ClCompile Include="src\Utils\MurmurHash3.cpp">
      <Filter>Source Files</Filter>
    </ClCompile>
    <ClCompile Include="src\ztmsa.cpp">
      <Filter>Source Files</Filter>
    </ClCompile>
  </ItemGroup>
  <ItemGroup>
    <None Include=".gitignore" />
    <None Include="LICENSE" />
    <None Include="cpp.hint" />
  </ItemGroup>
</Project>